
Microsoft Visual Studio Solution File, Format Version 12.00
# Visual Studio Version 17
VisualStudioVersion = 17.7.34024.191
MinimumVisualStudioVersion = 10.0.40219.1
Project("{9A19103F-16F7-4668-BE54-9A1E7A4F7556}") = "ConsoleApp4", "ConsoleApp4.csproj", "{BA25C356-7613-4916-88CB-2C8403DA2D7C}"
EndProject
Project("{FAE04EC0-301F-11D3-BF4B-00C04F79EFBC}") = "TestProject1", "..\TestProject1\TestProject1.csproj", "{3F7117A6-7E7C-4BEB-A47B-E5D3EF6EC368}"
EndProject
Global
	GlobalSection(SolutionConfigurationPlatforms) = preSolution
		Debug|Any CPU = Debug|Any CPU
		Release|Any CPU = Release|Any CPU
	EndGlobalSection
	GlobalSection(ProjectConfigurationPlatforms) = postSolution
		{BA25C356-7613-4916-88CB-2C8403DA2D7C}.Debug|Any CPU.ActiveCfg = Debug|Any CPU
		{BA25C356-7613-4916-88CB-2C8403DA2D7C}.Debug|Any CPU.Build.0 = Debug|Any CPU
		{BA25C356-7613-4916-88CB-2C8403DA2D7C}.Release|Any CPU.ActiveCfg = Release|Any CPU
		{BA25C356-7613-4916-88CB-2C8403DA2D7C}.Release|Any CPU.Build.0 = Release|Any CPU
		{3F7117A6-7E7C-4BEB-A47B-E5D3EF6EC368}.Debug|Any CPU.ActiveCfg = Debug|Any CPU
		{3F7117A6-7E7C-4BEB-A47B-E5D3EF6EC368}.Debug|Any CPU.Build.0 = Debug|Any CPU
		{3F7117A6-7E7C-4BEB-A47B-E5D3EF6EC368}.Release|Any CPU.ActiveCfg = Release|Any CPU
		{3F7117A6-7E7C-4BEB-A47B-E5D3EF6EC368}.Release|Any CPU.Build.0 = Release|Any CPU
	EndGlobalSection
	GlobalSection(SolutionProperties) = preSolution
		HideSolutionNode = FALSE
	EndGlobalSection
	GlobalSection(ExtensibilityGlobals) = postSolution
		SolutionGuid = {35757FF9-2220-44FD-B9EB-DE1AFC3041F5}
	EndGlobalSection
EndGlobal
